{
  "name": "node-markov",
  "lockfileVersion": 2,
  "requires": true,
  "packages": {
    "": {
      "dependencies": {
        "axios": "^0.21.1",
        "markov": "^0.0.7"
      }
    },
    "node_modules/axios": {
      "version": "0.21.1",
      "resolved": "https://registry.npmjs.org/axios/-/axios-0.21.1.tgz",
      "integrity": "sha512-dKQiRHxGD9PPRIUNIWvZhPTPpl1rf/OxTYKsqKUDjBwYylTvV7SjSHJb9ratfyzM6wCdLCOYLzs73qpg5c4iGA==",
      "dependencies": {
        "follow-redirects": "^1.10.0"
      }
    },
    "node_modules/deck": {
      "version": "0.0.4",
      "resolved": "https://registry.npmjs.org/deck/-/deck-0.0.4.tgz",
      "integrity": "sha1-1NidRguoHuggsEoFp9Dc5k2Lcwo=",
      "engines": {
        "node": ">=0.4.0"
      }
    },
    "node_modules/follow-redirects": {
      "version": "1.14.1",
      "resolved": "https://registry.npmjs.org/follow-redirects/-/follow-redirects-1.14.1.tgz",
      "integrity": "sha512-HWqDgT7ZEkqRzBvc2s64vSZ/hfOceEol3ac/7tKwzuvEyWx3/4UegXh5oBOIotkGsObyk3xznnSRVADBgWSQVg==",
      "funding": [
        {
          "type": "individual",
          "url": "https://github.com/sponsors/RubenVerborgh"
        }
      ],
      "engines": {
        "node": ">=4.0"
      },
      "peerDependenciesMeta": {
        "debug": {
          "optional": true
        }
      }
    },
    "node_modules/hashish": {
      "version": "0.0.4",
      "resolved": "https://registry.npmjs.org/hashish/-/hashish-0.0.4.tgz",
      "integrity": "sha1-bWC8b/r3Ebav1g5CbQd5iAFOZVQ=",
      "dependencies": {
        "traverse": ">=0.2.4"
      },
      "engines": {
        "node": "*"
      }
    },
    "node_modules/lazy": {
      "version": "1.0.11",
      "resolved": "https://registry.npmjs.org/lazy/-/lazy-1.0.11.tgz",
      "integrity": "sha1-2qBoIGKCVCwIgojpdcKXwa53tpA=",
      "engines": {
        "node": ">=0.2.0"
      }
    },
    "node_modules/markov": {
      "version": "0.0.7",
      "resolved": "https://registry.npmjs.org/markov/-/markov-0.0.7.tgz",
      "integrity": "sha1-NazoKuJhM/cZ4WCNIfDLwhRSq+M=",
      "dependencies": {
        "deck": ">=0.0.3",
        "hashish": ">=0.0.2",
        "lazy": ">=1.0.3"
      },
      "engines": {
        "node": ">=0.4.0"
      }
    },
    "node_modules/traverse": {
      "version": "0.6.6",
      "resolved": "https://registry.npmjs.org/traverse/-/traverse-0.6.6.tgz",
      "integrity": "sha1-y99WD9e5r2MlAv7UD5GMFX6pcTc="
    }
  },
  "dependencies": {
    "axios": {
      "version": "0.21.1",
      "resolved": "https://registry.npmjs.org/axios/-/axios-0.21.1.tgz",
      "integrity": "sha512-dKQiRHxGD9PPRIUNIWvZhPTPpl1rf/OxTYKsqKUDjBwYylTvV7SjSHJb9ratfyzM6wCdLCOYLzs73qpg5c4iGA==",
      "requires": {
        "follow-redirects": "^1.10.0"
      }
    },
    "deck": {
      "version": "0.0.4",
      "resolved": "https://registry.npmjs.org/deck/-/deck-0.0.4.tgz",
      "integrity": "sha1-1NidRguoHuggsEoFp9Dc5k2Lcwo="
    },
    "follow-redirects": {
      "version": "1.14.1",
      "resolved": "https://registry.npmjs.org/follow-redirects/-/follow-redirects-1.14.1.tgz",
      "integrity": "sha512-HWqDgT7ZEkqRzBvc2s64vSZ/hfOceEol3ac/7tKwzuvEyWx3/4UegXh5oBOIotkGsObyk3xznnSRVADBgWSQVg=="
    },
    "hashish": {
      "version": "0.0.4",
      "resolved": "https://registry.npmjs.org/hashish/-/hashish-0.0.4.tgz",
      "integrity": "sha1-bWC8b/r3Ebav1g5CbQd5iAFOZVQ=",
      "requires": {
        "traverse": ">=0.2.4"
      }
    },
    "lazy": {
      "version": "1.0.11",
      "resolved": "https://registry.npmjs.org/lazy/-/lazy-1.0.11.tgz",
      "integrity": "sha1-2qBoIGKCVCwIgojpdcKXwa53tpA="
    },
    "markov": {
      "version": "0.0.7",
      "resolved": "https://registry.npmjs.org/markov/-/markov-0.0.7.tgz",
      "integrity": "sha1-NazoKuJhM/cZ4WCNIfDLwhRSq+M=",
      "requires": {
        "deck": ">=0.0.3",
        "hashish": ">=0.0.2",
        "lazy": ">=1.0.3"
      }
    },
    "traverse": {
      "version": "0.6.6",
      "resolved": "https://registry.npmjs.org/traverse/-/traverse-0.6.6.tgz",
      "integrity": "sha1-y99WD9e5r2MlAv7UD5GMFX6pcTc="
    }
  }
}
